
Microsoft Visual Studio Solution File, Format Version 12.00
# Visual Studio Version 17
VisualStudioVersion = 17.1.32210.238
MinimumVisualStudioVersion = 10.0.40219.1
Project("{FAE04EC0-301F-11D3-BF4B-00C04F79EFBC}") = "WindowsFormsApp1.0", "WindowsFormsApp1.0.csproj", "{C72F504F-B63E-44C9-BAE7-9653FF07F6F9}"
EndProject
Global
	GlobalSection(SolutionConfigurationPlatforms) = preSolution
		Debug|Any CPU = Debug|Any CPU
		Release|Any CPU = Release|Any CPU
	EndGlobalSection
	GlobalSection(ProjectConfigurationPlatforms) = postSolution
		{C72F504F-B63E-44C9-BAE7-9653FF07F6F9}.Debug|Any CPU.ActiveCfg = Debug|Any CPU
		{C72F504F-B63E-44C9-BAE7-9653FF07F6F9}.Debug|Any CPU.Build.0 = Debug|Any CPU
		{C72F504F-B63E-44C9-BAE7-9653FF07F6F9}.Release|Any CPU.ActiveCfg = Release|Any CPU
		{C72F504F-B63E-44C9-BAE7-9653FF07F6F9}.Release|Any CPU.Build.0 = Release|Any CPU
	EndGlobalSection
	GlobalSection(SolutionProperties) = preSolution
		HideSolutionNode = FALSE
	EndGlobalSection
	GlobalSection(ExtensibilityGlobals) = postSolution
		SolutionGuid = {495B9376-58B1-4A32-A86A-522588F63C5B}
	EndGlobalSection
EndGlobal
